
Microsoft Visual Studio Solution File, Format Version 12.00
# Visual Studio Version 17
VisualStudioVersion = 17.5.33627.172
MinimumVisualStudioVersion = 10.0.40219.1
Project("{FAE04EC0-301F-11D3-BF4B-00C04F79EFBC}") = "EvaluacionC#", "EvaluacionC#\EvaluacionC#.csproj", "{97FDC873-2917-4D42-8E5A-537AEDD5BBD3}"
EndProject
Global
	GlobalSection(SolutionConfigurationPlatforms) = preSolution
		Debug|Any CPU = Debug|Any CPU
		Release|Any CPU = Release|Any CPU
	EndGlobalSection
	GlobalSection(ProjectConfigurationPlatforms) = postSolution
		{97FDC873-2917-4D42-8E5A-537AEDD5BBD3}.Debug|Any CPU.ActiveCfg = Debug|Any CPU
		{97FDC873-2917-4D42-8E5A-537AEDD5BBD3}.Debug|Any CPU.Build.0 = Debug|Any CPU
		{97FDC873-2917-4D42-8E5A-537AEDD5BBD3}.Release|Any CPU.ActiveCfg = Release|Any CPU
		{97FDC873-2917-4D42-8E5A-537AEDD5BBD3}.Release|Any CPU.Build.0 = Release|Any CPU
	EndGlobalSection
	GlobalSection(SolutionProperties) = preSolution
		HideSolutionNode = FALSE
	EndGlobalSection
	GlobalSection(ExtensibilityGlobals) = postSolution
		SolutionGuid = {590414CB-4E66-4624-8B0F-014DBD4B6367}
	EndGlobalSection
EndGlobal
